PODS:
  - AgoraIrisRTC_iOS (4.2.6-build.3)
  - AgoraRtcEngine_iOS (4.2.6):
    - AgoraRtcEngine_iOS/AIAEC (= 4.2.6)
    - AgoraRtcEngine_iOS/AINS (= 4.2.6)
    - AgoraRtcEngine_iOS/AudioBeauty (= 4.2.6)
    - AgoraRtcEngine_iOS/ClearVision (= 4.2.6)
    - AgoraRtcEngine_iOS/ContentInspect (= 4.2.6)
    - AgoraRtcEngine_iOS/DRM (= 4.2.6)
    - AgoraRtcEngine_iOS/FaceDetection (= 4.2.6)
    - AgoraRtcEngine_iOS/ReplayKit (= 4.2.6)
    - AgoraRtcEngine_iOS/RtcBasic (= 4.2.6)
    - AgoraRtcEngine_iOS/SpatialAudio (= 4.2.6)
    - AgoraRtcEngine_iOS/VideoCodecDec (= 4.2.6)
    - AgoraRtcEngine_iOS/VideoCodecEnc (= 4.2.6)
    - AgoraRtcEngine_iOS/VirtualBackground (= 4.2.6)
    - AgoraRtcEngine_iOS/VQA (= 4.2.6)
  - AgoraRtcEngine_iOS/AIAEC (4.2.6)
  - AgoraRtcEngine_iOS/AINS (4.2.6)
  - AgoraRtcEngine_iOS/AudioBeauty (4.2.6)
  - AgoraRtcEngine_iOS/ClearVision (4.2.6)
  - AgoraRtcEngine_iOS/ContentInspect (4.2.6)
  - AgoraRtcEngine_iOS/DRM (4.2.6)
  - AgoraRtcEngine_iOS/FaceDetection (4.2.6)
  - AgoraRtcEngine_iOS/ReplayKit (4.2.6)
  - AgoraRtcEngine_iOS/RtcBasic (4.2.6)
  - AgoraRtcEngine_iOS/SpatialAudio (4.2.6)
  - AgoraRtcEngine_iOS/VideoCodecDec (4.2.6)
  - AgoraRtcEngine_iOS/VideoCodecEnc (4.2.6)
  - AgoraRtcEngine_iOS/VirtualBackground (4.2.6)
  - AgoraRtcEngine_iOS/VQA (4.2.6)
  - ASN1Decoder (1.10.0)
  - boost (1.76.0)
  - BVLinearGradient (2.8.3):
    - React-Core
  - CocoaAsyncSocket (7.6.5)
  - DoubleConversion (1.1.6)
  - EASClient (0.5.1):
    - ExpoModulesCore
  - EXApplication (5.1.1):
    - ExpoModulesCore
  - EXConstants (14.2.1):
    - ExpoModulesCore
  - EXFileSystem (15.2.2):
    - ExpoModulesCore
  - EXFont (11.1.1):
    - ExpoModulesCore
  - EXJSONUtils (0.5.1)
  - EXManifests (0.5.2):
    - EXJSONUtils
  - Expo (48.0.19):
    - ExpoModulesCore
  - expo-dev-client (2.2.1):
    - EXManifests
    - expo-dev-launcher
    - expo-dev-menu
    - expo-dev-menu-interface
    - EXUpdatesInterface
  - expo-dev-launcher (2.2.1):
    - EXManifests
    - expo-dev-launcher/Main (= 2.2.1)
    - expo-dev-menu
    - expo-dev-menu-interface
    - ExpoModulesCore
    - EXUpdatesInterface
    - React-Core
  - expo-dev-launcher/Main (2.2.1):
    - EXManifests
    - expo-dev-launcher/Unsafe
    - expo-dev-menu
    - expo-dev-menu-interface
    - ExpoModulesCore
    - EXUpdatesInterface
    - React-Core
  - expo-dev-launcher/Unsafe (2.2.1):
    - EXManifests
    - expo-dev-menu
    - expo-dev-menu-interface
    - ExpoModulesCore
    - EXUpdatesInterface
    - React-Core
  - expo-dev-menu (2.2.0):
    - expo-dev-menu/Main (= 2.2.0)
  - expo-dev-menu-interface (1.1.1)
  - expo-dev-menu/GestureHandler (2.2.0)
  - expo-dev-menu/Main (2.2.0):
    - EXManifests
    - expo-dev-menu-interface
    - expo-dev-menu/Vendored
    - ExpoModulesCore
    - React-Core
  - expo-dev-menu/Reanimated (2.2.0):
    - DoubleConversion
    - FBLazyVector
    - FBReactNativeSpec
    - glog
    - RCT-Folly
    - RCTRequired
    - RCTTypeSafety
    - React-callinvoker
    - React-Core
    - React-Core/DevSupport
    - React-Core/RCTWebSocket
    - React-CoreModules
    - React-cxxreact
    - React-jsi
    - React-jsiexecutor
    - React-jsinspector
    - React-RCTActionSheet
    - React-RCTAnimation
    - React-RCTBlob
    - React-RCTImage
    - React-RCTLinking
    - React-RCTNetwork
    - React-RCTSettings
    - React-RCTText
    - React-RCTVibration
    - ReactCommon/turbomodule/core
    - Yoga
  - expo-dev-menu/SafeAreaView (2.2.0)
  - expo-dev-menu/Vendored (2.2.0):
    - expo-dev-menu/GestureHandler
    - expo-dev-menu/Reanimated
    - expo-dev-menu/SafeAreaView
  - ExpoKeepAwake (12.0.1):
    - ExpoModulesCore
  - ExpoModulesCore (1.2.7):
    - React-Core
    - React-RCTAppDelegate
    - ReactCommon/turbomodule/core
  - EXSplashScreen (0.18.2):
    - ExpoModulesCore
    - React-Core
  - EXStructuredHeaders (3.1.2)
  - EXUpdates (0.16.4):
    - ASN1Decoder (~> 1.8)
    - EASClient
    - EXManifests
    - ExpoModulesCore
    - EXStructuredHeaders
    - EXUpdatesInterface
    - React-Core
  - EXUpdatesInterface (0.9.3)
  - FBLazyVector (0.71.11)
  - FBReactNativeSpec (0.71.11):
    - RCT-Folly (= 2021.07.22.00)
    - RCTRequired (= 0.71.11)
    - RCTTypeSafety (= 0.71.11)
    - React-Core (= 0.71.11)
    - React-jsi (= 0.71.11)
    - ReactCommon/turbomodule/core (= 0.71.11)
  - Flipper (0.182.0):
    - Flipper-Folly (~> 2.6)
  - Flipper-Boost-iOSX (1.76.0.1.11)
  - Flipper-DoubleConversion (3.2.0.1)
  - Flipper-Fmt (7.1.7)
  - Flipper-Folly (2.6.10):
    - Flipper-Boost-iOSX
    - Flipper-DoubleConversion
    - Flipper-Fmt (= 7.1.7)
    - Flipper-Glog
    - libevent (~> 2.1.12)
    - OpenSSL-Universal (= 1.1.1100)
  - Flipper-Glog (0.5.0.5)
  - Flipper-PeerTalk (0.0.4)
  - Flipper-RSocket (1.4.3):
    - Flipper-Folly (~> 2.6)
  - FlipperKit (0.182.0):
    - FlipperKit/Core (= 0.182.0)
  - FlipperKit/Core (0.182.0):
    - Flipper (~> 0.182.0)
    - FlipperKit/CppBridge
    - FlipperKit/FBCxxFollyDynamicConvert
    - FlipperKit/FBDefines
    - FlipperKit/FKPortForwarding
    - SocketRocket (~> 0.6.0)
  - FlipperKit/CppBridge (0.182.0):
    - Flipper (~> 0.182.0)
  - FlipperKit/FBCxxFollyDynamicConvert (0.182.0):
    - Flipper-Folly (~> 2.6)
  - FlipperKit/FBDefines (0.182.0)
  - FlipperKit/FKPortForwarding (0.182.0):
    - CocoaAsyncSocket (~> 7.6)
    - Flipper-PeerTalk (~> 0.0.4)
  - FlipperKit/FlipperKitHighlightOverlay (0.182.0)
  - FlipperKit/FlipperKitLayoutHelpers (0.182.0):
    - FlipperKit/Core
    - FlipperKit/FlipperKitHighlightOverlay
    - FlipperKit/FlipperKitLayoutTextSearchable
  - FlipperKit/FlipperKitLayoutIOSDescriptors (0.182.0):
    - FlipperKit/Core
    - FlipperKit/FlipperKitHighlightOverlay
    - FlipperKit/FlipperKitLayoutHelpers
    - YogaKit (~> 1.18)
  - FlipperKit/FlipperKitLayoutPlugin (0.182.0):
    - FlipperKit/Core
    - FlipperKit/FlipperKitHighlightOverlay
    - FlipperKit/FlipperKitLayoutHelpers
    - FlipperKit/FlipperKitLayoutIOSDescriptors
    - FlipperKit/FlipperKitLayoutTextSearchable
    - YogaKit (~> 1.18)
  - FlipperKit/FlipperKitLayoutTextSearchable (0.182.0)
  - FlipperKit/FlipperKitNetworkPlugin (0.182.0):
    - FlipperKit/Core
  - FlipperKit/FlipperKitReactPlugin (0.182.0):
    - FlipperKit/Core
  - FlipperKit/FlipperKitUserDefaultsPlugin (0.182.0):
    - FlipperKit/Core
  - FlipperKit/SKIOSNetworkPlugin (0.182.0):
    - FlipperKit/Core
    - FlipperKit/FlipperKitNetworkPlugin
  - fmt (6.2.1)
  - glog (0.3.5)
  - HyphenateChat (4.10.2)
  - libevent (2.1.12)
  - libwebp (1.5.0):
    - libwebp/demux (= 1.5.0)
    - libwebp/mux (= 1.5.0)
    - libwebp/sharpyuv (= 1.5.0)
    - libwebp/webp (= 1.5.0)
  - libwebp/demux (1.5.0):
    - libwebp/webp
  - libwebp/mux (1.5.0):
    - libwebp/demux
  - libwebp/sharpyuv (1.5.0)
  - libwebp/webp (1.5.0):
    - libwebp/sharpyuv
  - OpenSSL-Universal (1.1.1100)
  - Permission-Camera (3.8.0):
    - RNPermissions
  - Permission-MediaLibrary (3.8.0):
    - RNPermissions
  - Permission-Microphone (3.8.0):
    - RNPermissions
  - Permission-Notifications (3.8.0):
    - RNPermissions
  - Permission-PhotoLibrary (3.8.0):
    - RNPermissions
  - RCT-Folly (2021.07.22.00):
    - boost
    - DoubleConversion
    - fmt (~> 6.2.1)
    - glog
    - RCT-Folly/Default (= 2021.07.22.00)
  - RCT-Folly/Default (2021.07.22.00):
    - boost
    - DoubleConversion
    - fmt (~> 6.2.1)
    - glog
  - RCTRequired (0.71.11)
  - RCTTypeSafety (0.71.11):
    - FBLazyVector (= 0.71.11)
    - RCTRequired (= 0.71.11)
    - React-Core (= 0.71.11)
  - React (0.71.11):
    - React-Core (= 0.71.11)
    - React-Core/DevSupport (= 0.71.11)
    - React-Core/RCTWebSocket (= 0.71.11)
    - React-RCTActionSheet (= 0.71.11)
    - React-RCTAnimation (= 0.71.11)
    - React-RCTBlob (= 0.71.11)
    - React-RCTImage (= 0.71.11)
    - React-RCTLinking (= 0.71.11)
    - React-RCTNetwork (= 0.71.11)
    - React-RCTSettings (= 0.71.11)
    - React-RCTText (= 0.71.11)
    - React-RCTVibration (= 0.71.11)
  - React-callinvoker (0.71.11)
  - React-Codegen (0.71.11):
    - FBReactNativeSpec
    - RCT-Folly
    - RCTRequired
    - RCTTypeSafety
    - React-Core
    - React-jsc
    - React-jsi
    - React-jsiexecutor
    - ReactCommon/turbomodule/bridging
    - ReactCommon/turbomodule/core
  - React-Core (0.71.11):
    - glog
    - RCT-Folly (= 2021.07.22.00)
    - React-Core/Default (= 0.71.11)
    - React-cxxreact (= 0.71.11)
    - React-jsc
    - React-jsi (= 0.71.11)
    - React-jsiexecutor (= 0.71.11)
    - React-perflogger (= 0.71.11)
    - Yoga
  - React-Core/CoreModulesHeaders (0.71.11):
    - glog
    - RCT-Folly (= 2021.07.22.00)
    - React-Core/Default
    - React-cxxreact (= 0.71.11)
    - React-jsc
    - React-jsi (= 0.71.11)
    - React-jsiexecutor (= 0.71.11)
    - React-perflogger (= 0.71.11)
    - Yoga
  - React-Core/Default (0.71.11):
    - glog
    - RCT-Folly (= 2021.07.22.00)
    - React-cxxreact (= 0.71.11)
    - React-jsc
    - React-jsi (= 0.71.11)
    - React-jsiexecutor (= 0.71.11)
    - React-perflogger (= 0.71.11)
    - Yoga
  - React-Core/DevSupport (0.71.11):
    - glog
    - RCT-Folly (= 2021.07.22.00)
    - React-Core/Default (= 0.71.11)
    - React-Core/RCTWebSocket (= 0.71.11)
    - React-cxxreact (= 0.71.11)
    - React-jsc
    - React-jsi (= 0.71.11)
    - React-jsiexecutor (= 0.71.11)
    - React-jsinspector (= 0.71.11)
    - React-perflogger (= 0.71.11)
    - Yoga
  - React-Core/RCTActionSheetHeaders (0.71.11):
    - glog
    - RCT-Folly (= 2021.07.22.00)
    - React-Core/Default
    - React-cxxreact (= 0.71.11)
    - React-jsc
    - React-jsi (= 0.71.11)
    - React-jsiexecutor (= 0.71.11)
    - React-perflogger (= 0.71.11)
    - Yoga
  - React-Core/RCTAnimationHeaders (0.71.11):
    - glog
    - RCT-Folly (= 2021.07.22.00)
    - React-Core/Default
    - React-cxxreact (= 0.71.11)
    - React-jsc
    - React-jsi (= 0.71.11)
    - React-jsiexecutor (= 0.71.11)
    - React-perflogger (= 0.71.11)
    - Yoga
  - React-Core/RCTBlobHeaders (0.71.11):
    - glog
    - RCT-Folly (= 2021.07.22.00)
    - React-Core/Default
    - React-cxxreact (= 0.71.11)
    - React-jsc
    - React-jsi (= 0.71.11)
    - React-jsiexecutor (= 0.71.11)
    - React-perflogger (= 0.71.11)
    - Yoga
  - React-Core/RCTImageHeaders (0.71.11):
    - glog
    - RCT-Folly (= 2021.07.22.00)
    - React-Core/Default
    - React-cxxreact (= 0.71.11)
    - React-jsc
    - React-jsi (= 0.71.11)
    - React-jsiexecutor (= 0.71.11)
    - React-perflogger (= 0.71.11)
    - Yoga
  - React-Core/RCTLinkingHeaders (0.71.11):
    - glog
    - RCT-Folly (= 2021.07.22.00)
    - React-Core/Default
    - React-cxxreact (= 0.71.11)
    - React-jsc
    - React-jsi (= 0.71.11)
    - React-jsiexecutor (= 0.71.11)
    - React-perflogger (= 0.71.11)
    - Yoga
  - React-Core/RCTNetworkHeaders (0.71.11):
    - glog
    - RCT-Folly (= 2021.07.22.00)
    - React-Core/Default
    - React-cxxreact (= 0.71.11)
    - React-jsc
    - React-jsi (= 0.71.11)
    - React-jsiexecutor (= 0.71.11)
    - React-perflogger (= 0.71.11)
    - Yoga
  - React-Core/RCTSettingsHeaders (0.71.11):
    - glog
    - RCT-Folly (= 2021.07.22.00)
    - React-Core/Default
    - React-cxxreact (= 0.71.11)
    - React-jsc
    - React-jsi (= 0.71.11)
    - React-jsiexecutor (= 0.71.11)
    - React-perflogger (= 0.71.11)
    - Yoga
  - React-Core/RCTTextHeaders (0.71.11):
    - glog
    - RCT-Folly (= 2021.07.22.00)
    - React-Core/Default
    - React-cxxreact (= 0.71.11)
    - React-jsc
    - React-jsi (= 0.71.11)
    - React-jsiexecutor (= 0.71.11)
    - React-perflogger (= 0.71.11)
    - Yoga
  - React-Core/RCTVibrationHeaders (0.71.11):
    - glog
    - RCT-Folly (= 2021.07.22.00)
    - React-Core/Default
    - React-cxxreact (= 0.71.11)
    - React-jsc
    - React-jsi (= 0.71.11)
    - React-jsiexecutor (= 0.71.11)
    - React-perflogger (= 0.71.11)
    - Yoga
  - React-Core/RCTWebSocket (0.71.11):
    - glog
    - RCT-Folly (= 2021.07.22.00)
    - React-Core/Default (= 0.71.11)
    - React-cxxreact (= 0.71.11)
    - React-jsc
    - React-jsi (= 0.71.11)
    - React-jsiexecutor (= 0.71.11)
    - React-perflogger (= 0.71.11)
    - Yoga
  - React-CoreModules (0.71.11):
    - RCT-Folly (= 2021.07.22.00)
    - RCTTypeSafety (= 0.71.11)
    - React-Codegen (= 0.71.11)
    - React-Core/CoreModulesHeaders (= 0.71.11)
    - React-jsi (= 0.71.11)
    - React-RCTBlob
    - React-RCTImage (= 0.71.11)
    - ReactCommon/turbomodule/core (= 0.71.11)
  - React-cxxreact (0.71.11):
    - boost (= 1.76.0)
    - DoubleConversion
    - glog
    - RCT-Folly (= 2021.07.22.00)
    - React-callinvoker (= 0.71.11)
    - React-jsi (= 0.71.11)
    - React-jsinspector (= 0.71.11)
    - React-logger (= 0.71.11)
    - React-perflogger (= 0.71.11)
    - React-runtimeexecutor (= 0.71.11)
  - React-jsc (0.71.11):
    - React-jsc/Fabric (= 0.71.11)
    - React-jsi (= 0.71.11)
  - React-jsc/Fabric (0.71.11):
    - React-jsi (= 0.71.11)
  - React-jsi (0.71.11):
    - boost (= 1.76.0)
    - DoubleConversion
    - glog
    - RCT-Folly (= 2021.07.22.00)
  - React-jsiexecutor (0.71.11):
    - DoubleConversion
    - glog
    - RCT-Folly (= 2021.07.22.00)
    - React-cxxreact (= 0.71.11)
    - React-jsi (= 0.71.11)
    - React-perflogger (= 0.71.11)
  - React-jsinspector (0.71.11)
  - React-logger (0.71.11):
    - glog
  - react-native-agora (4.2.6):
    - AgoraIrisRTC_iOS (= 4.2.6-build.3)
    - AgoraRtcEngine_iOS (= 4.2.6)
    - RCT-Folly (= 2021.07.22.00)
    - React-Core
  - react-native-blur (4.3.2):
    - React-Core
  - react-native-cameraroll (5.6.0):
    - React-Core
  - react-native-chat-callkit (1.0.4):
    - React-Core
  - react-native-chat-room (1.0.0-beta.0):
    - React-Core
  - react-native-chat-sdk (1.3.1):
    - HyphenateChat (= 4.10.2)
    - React-Core
  - react-native-chat-uikit (2.0.0-beta.0):
    - React-Core
  - react-native-create-thumbnail (2.0.1):
    - React-Core
  - react-native-document-picker (9.0.1):
    - React-Core
  - react-native-get-random-values (1.8.0):
    - React-Core
  - react-native-image-editor (4.1.0):
    - RCT-Folly (= 2021.07.22.00)
    - React-Core
    - React-RCTImage
  - react-native-image-picker (7.1.0):
    - RCT-Folly (= 2021.07.22.00)
    - React-Core
  - react-native-pager-view (6.1.2):
    - React-Core
  - react-native-safe-area-context (4.11.1):
    - React-Core
  - react-native-slider (4.4.4):
    - RCT-Folly (= 2021.07.22.00)
    - React-Core
  - react-native-video (5.2.1):
    - React-Core
    - react-native-video/Video (= 5.2.1)
  - react-native-video/Video (5.2.1):
    - React-Core
  - React-perflogger (0.71.11)
  - React-RCTActionSheet (0.71.11):
    - React-Core/RCTActionSheetHeaders (= 0.71.11)
  - React-RCTAnimation (0.71.11):
    - RCT-Folly (= 2021.07.22.00)
    - RCTTypeSafety (= 0.71.11)
    - React-Codegen (= 0.71.11)
    - React-Core/RCTAnimationHeaders (= 0.71.11)
    - React-jsi (= 0.71.11)
    - ReactCommon/turbomodule/core (= 0.71.11)
  - React-RCTAppDelegate (0.71.11):
    - RCT-Folly
    - RCTRequired
    - RCTTypeSafety
    - React-Core
    - ReactCommon/turbomodule/core
  - React-RCTBlob (0.71.11):
    - RCT-Folly (= 2021.07.22.00)
    - React-Codegen (= 0.71.11)
    - React-Core/RCTBlobHeaders (= 0.71.11)
    - React-Core/RCTWebSocket (= 0.71.11)
    - React-jsi (= 0.71.11)
    - React-RCTNetwork (= 0.71.11)
    - ReactCommon/turbomodule/core (= 0.71.11)
  - React-RCTImage (0.71.11):
    - RCT-Folly (= 2021.07.22.00)
    - RCTTypeSafety (= 0.71.11)
    - React-Codegen (= 0.71.11)
    - React-Core/RCTImageHeaders (= 0.71.11)
    - React-jsi (= 0.71.11)
    - React-RCTNetwork (= 0.71.11)
    - ReactCommon/turbomodule/core (= 0.71.11)
  - React-RCTLinking (0.71.11):
    - React-Codegen (= 0.71.11)
    - React-Core/RCTLinkingHeaders (= 0.71.11)
    - React-jsi (= 0.71.11)
    - ReactCommon/turbomodule/core (= 0.71.11)
  - React-RCTNetwork (0.71.11):
    - RCT-Folly (= 2021.07.22.00)
    - RCTTypeSafety (= 0.71.11)
    - React-Codegen (= 0.71.11)
    - React-Core/RCTNetworkHeaders (= 0.71.11)
    - React-jsi (= 0.71.11)
    - ReactCommon/turbomodule/core (= 0.71.11)
  - React-RCTSettings (0.71.11):
    - RCT-Folly (= 2021.07.22.00)
    - RCTTypeSafety (= 0.71.11)
    - React-Codegen (= 0.71.11)
    - React-Core/RCTSettingsHeaders (= 0.71.11)
    - React-jsi (= 0.71.11)
    - ReactCommon/turbomodule/core (= 0.71.11)
  - React-RCTText (0.71.11):
    - React-Core/RCTTextHeaders (= 0.71.11)
  - React-RCTVibration (0.71.11):
    - RCT-Folly (= 2021.07.22.00)
    - React-Codegen (= 0.71.11)
    - React-Core/RCTVibrationHeaders (= 0.71.11)
    - React-jsi (= 0.71.11)
    - ReactCommon/turbomodule/core (= 0.71.11)
  - React-runtimeexecutor (0.71.11):
    - React-jsi (= 0.71.11)
  - ReactCommon/turbomodule/bridging (0.71.11):
    - DoubleConversion
    - glog
    - RCT-Folly (= 2021.07.22.00)
    - React-callinvoker (= 0.71.11)
    - React-Core (= 0.71.11)
    - React-cxxreact (= 0.71.11)
    - React-jsi (= 0.71.11)
    - React-logger (= 0.71.11)
    - React-perflogger (= 0.71.11)
  - ReactCommon/turbomodule/core (0.71.11):
    - DoubleConversion
    - glog
    - RCT-Folly (= 2021.07.22.00)
    - React-callinvoker (= 0.71.11)
    - React-Core (= 0.71.11)
    - React-cxxreact (= 0.71.11)
    - React-jsi (= 0.71.11)
    - React-logger (= 0.71.11)
    - React-perflogger (= 0.71.11)
  - ReactNativeFileAccess (3.0.4):
    - React-Core
    - ZIPFoundation (= 0.9.11)
  - RNAudioRecorderPlayer (3.5.3):
    - React-Core
  - RNCAsyncStorage (1.17.11):
    - React-Core
  - RNCClipboard (1.12.1):
    - React-Core
  - RNDeviceInfo (10.12.0):
    - React-Core
  - RNFastImage (8.6.3):
    - React-Core
    - SDWebImage (~> 5.11.1)
    - SDWebImageWebPCoder (~> 0.8.4)
  - RNFileViewer (2.1.5):
    - React-Core
  - RNFS (2.20.0):
    - React-Core
  - RNGestureHandler (2.20.0):
    - RCT-Folly (= 2021.07.22.00)
    - React-Core
  - RNImageCropPicker (0.42.0):
    - React-Core
    - React-RCTImage
    - RNImageCropPicker/QBImagePickerController (= 0.42.0)
    - TOCropViewController (~> 2.7.4)
  - RNImageCropPicker/QBImagePickerController (0.42.0):
    - React-Core
    - React-RCTImage
    - TOCropViewController (~> 2.7.4)
  - RNPermissions (3.8.0):
    - React-Core
  - RNReanimated (2.14.4):
    - DoubleConversion
    - FBLazyVector
    - FBReactNativeSpec
    - glog
    - RCT-Folly
    - RCTRequired
    - RCTTypeSafety
    - React-callinvoker
    - React-Core
    - React-Core/DevSupport
    - React-Core/RCTWebSocket
    - React-CoreModules
    - React-cxxreact
    - React-jsi
    - React-jsiexecutor
    - React-jsinspector
    - React-RCTActionSheet
    - React-RCTAnimation
    - React-RCTBlob
    - React-RCTImage
    - React-RCTLinking
    - React-RCTNetwork
    - React-RCTSettings
    - React-RCTText
    - ReactCommon/turbomodule/core
    - Yoga
  - RNScreens (3.20.0):
    - React-Core
    - React-RCTImage
  - SDWebImage (5.11.1):
    - SDWebImage/Core (= 5.11.1)
  - SDWebImage/Core (5.11.1)
  - SDWebImageWebPCoder (0.8.5):
    - libwebp (~> 1.0)
    - SDWebImage/Core (~> 5.10)
  - SocketRocket (0.6.1)
  - TOCropViewController (2.7.4)
  - Yoga (1.14.0)
  - YogaKit (1.18.1):
    - Yoga (~> 1.14)
  - ZIPFoundation (0.9.11)

DEPENDENCIES:
  - boost (from `../../../node_modules/react-native/third-party-podspecs/boost.podspec`)
  - BVLinearGradient (from `../../../node_modules/react-native-linear-gradient`)
  - DoubleConversion (from `../../../node_modules/react-native/third-party-podspecs/DoubleConversion.podspec`)
  - EASClient (from `../../../node_modules/expo-eas-client/ios`)
  - EXApplication (from `../../../node_modules/expo-application/ios`)
  - EXConstants (from `../../../node_modules/expo-constants/ios`)
  - EXFileSystem (from `../../../node_modules/expo-file-system/ios`)
  - EXFont (from `../../../node_modules/expo-font/ios`)
  - EXJSONUtils (from `../../../node_modules/expo-json-utils/ios`)
  - EXManifests (from `../../../node_modules/expo-manifests/ios`)
  - Expo (from `../../../node_modules/expo`)
  - expo-dev-client (from `../../../node_modules/expo-dev-client/ios`)
  - expo-dev-launcher (from `../../../node_modules/expo-dev-launcher`)
  - expo-dev-menu (from `../../../node_modules/expo-dev-menu`)
  - expo-dev-menu-interface (from `../../../node_modules/expo-dev-menu-interface/ios`)
  - ExpoKeepAwake (from `../../../node_modules/expo-keep-awake/ios`)
  - ExpoModulesCore (from `../../../node_modules/expo-modules-core`)
  - EXSplashScreen (from `../../../node_modules/expo-splash-screen/ios`)
  - EXStructuredHeaders (from `../../../node_modules/expo-structured-headers/ios`)
  - EXUpdates (from `../../../node_modules/expo-updates/ios`)
  - EXUpdatesInterface (from `../../../node_modules/expo-updates-interface/ios`)
  - FBLazyVector (from `../../../node_modules/react-native/Libraries/FBLazyVector`)
  - FBReactNativeSpec (from `../../../node_modules/react-native/React/FBReactNativeSpec`)
  - Flipper (= 0.182.0)
  - Flipper-Boost-iOSX (= 1.76.0.1.11)
  - Flipper-DoubleConversion (= 3.2.0.1)
  - Flipper-Fmt (= 7.1.7)
  - Flipper-Folly (= 2.6.10)
  - Flipper-Glog (= 0.5.0.5)
  - Flipper-PeerTalk (= 0.0.4)
  - Flipper-RSocket (= 1.4.3)
  - FlipperKit (= 0.182.0)
  - FlipperKit/Core (= 0.182.0)
  - FlipperKit/CppBridge (= 0.182.0)
  - FlipperKit/FBCxxFollyDynamicConvert (= 0.182.0)
  - FlipperKit/FBDefines (= 0.182.0)
  - FlipperKit/FKPortForwarding (= 0.182.0)
  - FlipperKit/FlipperKitHighlightOverlay (= 0.182.0)
  - FlipperKit/FlipperKitLayoutPlugin (= 0.182.0)
  - FlipperKit/FlipperKitLayoutTextSearchable (= 0.182.0)
  - FlipperKit/FlipperKitNetworkPlugin (= 0.182.0)
  - FlipperKit/FlipperKitReactPlugin (= 0.182.0)
  - FlipperKit/FlipperKitUserDefaultsPlugin (= 0.182.0)
  - FlipperKit/SKIOSNetworkPlugin (= 0.182.0)
  - glog (from `../../../node_modules/react-native/third-party-podspecs/glog.podspec`)
  - OpenSSL-Universal (= 1.1.1100)
  - Permission-Camera (from `/Users/asterisk/Codes/rn/react-native-chat-library-2.0-agora/node_modules/react-native-permissions/ios/Camera`)
  - Permission-MediaLibrary (from `/Users/asterisk/Codes/rn/react-native-chat-library-2.0-agora/node_modules/react-native-permissions/ios/MediaLibrary`)
  - Permission-Microphone (from `/Users/asterisk/Codes/rn/react-native-chat-library-2.0-agora/node_modules/react-native-permissions/ios/Microphone`)
  - Permission-Notifications (from `/Users/asterisk/Codes/rn/react-native-chat-library-2.0-agora/node_modules/react-native-permissions/ios/Notifications`)
  - Permission-PhotoLibrary (from `/Users/asterisk/Codes/rn/react-native-chat-library-2.0-agora/node_modules/react-native-permissions/ios/PhotoLibrary`)
  - RCT-Folly (from `../../../node_modules/react-native/third-party-podspecs/RCT-Folly.podspec`)
  - RCTRequired (from `../../../node_modules/react-native/Libraries/RCTRequired`)
  - RCTTypeSafety (from `../../../node_modules/react-native/Libraries/TypeSafety`)
  - React (from `../../../node_modules/react-native/`)
  - React-callinvoker (from `../../../node_modules/react-native/ReactCommon/callinvoker`)
  - React-Codegen (from `build/generated/ios`)
  - React-Core (from `../../../node_modules/react-native/`)
  - React-Core/DevSupport (from `../../../node_modules/react-native/`)
  - React-Core/RCTWebSocket (from `../../../node_modules/react-native/`)
  - React-CoreModules (from `../../../node_modules/react-native/React/CoreModules`)
  - React-cxxreact (from `../../../node_modules/react-native/ReactCommon/cxxreact`)
  - React-jsc (from `../../../node_modules/react-native/ReactCommon/jsc`)
  - React-jsi (from `../../../node_modules/react-native/ReactCommon/jsi`)
  - React-jsiexecutor (from `../../../node_modules/react-native/ReactCommon/jsiexecutor`)
  - React-jsinspector (from `../../../node_modules/react-native/ReactCommon/jsinspector`)
  - React-logger (from `../../../node_modules/react-native/ReactCommon/logger`)
  - react-native-agora (from `../../../node_modules/react-native-agora`)
  - "react-native-blur (from `../../../node_modules/@react-native-community/blur`)"
  - "react-native-cameraroll (from `../../../node_modules/@react-native-camera-roll/camera-roll`)"
  - react-native-chat-callkit (from `../../../packages/react-native-chat-callkit`)
  - react-native-chat-room (from `../../../packages/react-native-chat-room`)
  - react-native-chat-sdk (from `../../../node_modules/react-native-agora-chat`)
  - react-native-chat-uikit (from `../../../packages/react-native-chat-uikit`)
  - react-native-create-thumbnail (from `../../../node_modules/react-native-create-thumbnail`)
  - react-native-document-picker (from `../../../node_modules/react-native-document-picker`)
  - react-native-get-random-values (from `../../../node_modules/react-native-get-random-values`)
  - "react-native-image-editor (from `../../../node_modules/@react-native-community/image-editor`)"
  - react-native-image-picker (from `../../../node_modules/react-native-image-picker`)
  - react-native-pager-view (from `../../../node_modules/react-native-pager-view`)
  - react-native-safe-area-context (from `../../../node_modules/react-native-safe-area-context`)
  - "react-native-slider (from `../../../node_modules/@react-native-community/slider`)"
  - react-native-video (from `../../../node_modules/react-native-video`)
  - React-perflogger (from `../../../node_modules/react-native/ReactCommon/reactperflogger`)
  - React-RCTActionSheet (from `../../../node_modules/react-native/Libraries/ActionSheetIOS`)
  - React-RCTAnimation (from `../../../node_modules/react-native/Libraries/NativeAnimation`)
  - React-RCTAppDelegate (from `../../../node_modules/react-native/Libraries/AppDelegate`)
  - React-RCTBlob (from `../../../node_modules/react-native/Libraries/Blob`)
  - React-RCTImage (from `../../../node_modules/react-native/Libraries/Image`)
  - React-RCTLinking (from `../../../node_modules/react-native/Libraries/LinkingIOS`)
  - React-RCTNetwork (from `../../../node_modules/react-native/Libraries/Network`)
  - React-RCTSettings (from `../../../node_modules/react-native/Libraries/Settings`)
  - React-RCTText (from `../../../node_modules/react-native/Libraries/Text`)
  - React-RCTVibration (from `../../../node_modules/react-native/Libraries/Vibration`)
  - React-runtimeexecutor (from `../../../node_modules/react-native/ReactCommon/runtimeexecutor`)
  - ReactCommon/turbomodule/core (from `../../../node_modules/react-native/ReactCommon`)
  - ReactNativeFileAccess (from `../../../node_modules/react-native-file-access`)
  - RNAudioRecorderPlayer (from `../../../node_modules/react-native-audio-recorder-player`)
  - "RNCAsyncStorage (from `../../../node_modules/@react-native-async-storage/async-storage`)"
  - "RNCClipboard (from `../../../node_modules/@react-native-clipboard/clipboard`)"
  - RNDeviceInfo (from `../../../node_modules/react-native-device-info`)
  - RNFastImage (from `../../../node_modules/react-native-fast-image`)
  - RNFileViewer (from `../../../node_modules/react-native-file-viewer`)
  - RNFS (from `../../../node_modules/react-native-fs`)
  - RNGestureHandler (from `../../../node_modules/react-native-gesture-handler`)
  - RNImageCropPicker (from `../../../node_modules/react-native-image-crop-picker`)
  - RNPermissions (from `../../../node_modules/react-native-permissions`)
  - RNReanimated (from `../../../node_modules/react-native-reanimated`)
  - RNScreens (from `../../../node_modules/react-native-screens`)
  - Yoga (from `../../../node_modules/react-native/ReactCommon/yoga`)

SPEC REPOS:
  trunk:
    - AgoraIrisRTC_iOS
    - AgoraRtcEngine_iOS
    - ASN1Decoder
    - CocoaAsyncSocket
    - Flipper
    - Flipper-Boost-iOSX
    - Flipper-DoubleConversion
    - Flipper-Fmt
    - Flipper-Folly
    - Flipper-Glog
    - Flipper-PeerTalk
    - Flipper-RSocket
    - FlipperKit
    - fmt
    - HyphenateChat
    - libevent
    - libwebp
    - OpenSSL-Universal
    - SDWebImage
    - SDWebImageWebPCoder
    - SocketRocket
    - TOCropViewController
    - YogaKit
    - ZIPFoundation

EXTERNAL SOURCES:
  boost:
    :podspec: "../../../node_modules/react-native/third-party-podspecs/boost.podspec"
  BVLinearGradient:
    :path: "../../../node_modules/react-native-linear-gradient"
  DoubleConversion:
    :podspec: "../../../node_modules/react-native/third-party-podspecs/DoubleConversion.podspec"
  EASClient:
    :path: "../../../node_modules/expo-eas-client/ios"
  EXApplication:
    :path: "../../../node_modules/expo-application/ios"
  EXConstants:
    :path: "../../../node_modules/expo-constants/ios"
  EXFileSystem:
    :path: "../../../node_modules/expo-file-system/ios"
  EXFont:
    :path: "../../../node_modules/expo-font/ios"
  EXJSONUtils:
    :path: "../../../node_modules/expo-json-utils/ios"
  EXManifests:
    :path: "../../../node_modules/expo-manifests/ios"
  Expo:
    :path: "../../../node_modules/expo"
  expo-dev-client:
    :path: "../../../node_modules/expo-dev-client/ios"
  expo-dev-launcher:
    :path: "../../../node_modules/expo-dev-launcher"
  expo-dev-menu:
    :path: "../../../node_modules/expo-dev-menu"
  expo-dev-menu-interface:
    :path: "../../../node_modules/expo-dev-menu-interface/ios"
  ExpoKeepAwake:
    :path: "../../../node_modules/expo-keep-awake/ios"
  ExpoModulesCore:
    :path: "../../../node_modules/expo-modules-core"
  EXSplashScreen:
    :path: "../../../node_modules/expo-splash-screen/ios"
  EXStructuredHeaders:
    :path: "../../../node_modules/expo-structured-headers/ios"
  EXUpdates:
    :path: "../../../node_modules/expo-updates/ios"
  EXUpdatesInterface:
    :path: "../../../node_modules/expo-updates-interface/ios"
  FBLazyVector:
    :path: "../../../node_modules/react-native/Libraries/FBLazyVector"
  FBReactNativeSpec:
    :path: "../../../node_modules/react-native/React/FBReactNativeSpec"
  glog:
    :podspec: "../../../node_modules/react-native/third-party-podspecs/glog.podspec"
  Permission-Camera:
    :path: "/Users/asterisk/Codes/rn/react-native-chat-library-2.0-agora/node_modules/react-native-permissions/ios/Camera"
  Permission-MediaLibrary:
    :path: "/Users/asterisk/Codes/rn/react-native-chat-library-2.0-agora/node_modules/react-native-permissions/ios/MediaLibrary"
  Permission-Microphone:
    :path: "/Users/asterisk/Codes/rn/react-native-chat-library-2.0-agora/node_modules/react-native-permissions/ios/Microphone"
  Permission-Notifications:
    :path: "/Users/asterisk/Codes/rn/react-native-chat-library-2.0-agora/node_modules/react-native-permissions/ios/Notifications"
  Permission-PhotoLibrary:
    :path: "/Users/asterisk/Codes/rn/react-native-chat-library-2.0-agora/node_modules/react-native-permissions/ios/PhotoLibrary"
  RCT-Folly:
    :podspec: "../../../node_modules/react-native/third-party-podspecs/RCT-Folly.podspec"
  RCTRequired:
    :path: "../../../node_modules/react-native/Libraries/RCTRequired"
  RCTTypeSafety:
    :path: "../../../node_modules/react-native/Libraries/TypeSafety"
  React:
    :path: "../../../node_modules/react-native/"
  React-callinvoker:
    :path: "../../../node_modules/react-native/ReactCommon/callinvoker"
  React-Codegen:
    :path: build/generated/ios
  React-Core:
    :path: "../../../node_modules/react-native/"
  React-CoreModules:
    :path: "../../../node_modules/react-native/React/CoreModules"
  React-cxxreact:
    :path: "../../../node_modules/react-native/ReactCommon/cxxreact"
  React-jsc:
    :path: "../../../node_modules/react-native/ReactCommon/jsc"
  React-jsi:
    :path: "../../../node_modules/react-native/ReactCommon/jsi"
  React-jsiexecutor:
    :path: "../../../node_modules/react-native/ReactCommon/jsiexecutor"
  React-jsinspector:
    :path: "../../../node_modules/react-native/ReactCommon/jsinspector"
  React-logger:
    :path: "../../../node_modules/react-native/ReactCommon/logger"
  react-native-agora:
    :path: "../../../node_modules/react-native-agora"
  react-native-blur:
    :path: "../../../node_modules/@react-native-community/blur"
  react-native-cameraroll:
    :path: "../../../node_modules/@react-native-camera-roll/camera-roll"
  react-native-chat-callkit:
    :path: "../../../packages/react-native-chat-callkit"
  react-native-chat-room:
    :path: "../../../packages/react-native-chat-room"
  react-native-chat-sdk:
    :path: "../../../node_modules/react-native-agora-chat"
  react-native-chat-uikit:
    :path: "../../../packages/react-native-chat-uikit"
  react-native-create-thumbnail:
    :path: "../../../node_modules/react-native-create-thumbnail"
  react-native-document-picker:
    :path: "../../../node_modules/react-native-document-picker"
  react-native-get-random-values:
    :path: "../../../node_modules/react-native-get-random-values"
  react-native-image-editor:
    :path: "../../../node_modules/@react-native-community/image-editor"
  react-native-image-picker:
    :path: "../../../node_modules/react-native-image-picker"
  react-native-pager-view:
    :path: "../../../node_modules/react-native-pager-view"
  react-native-safe-area-context:
    :path: "../../../node_modules/react-native-safe-area-context"
  react-native-slider:
    :path: "../../../node_modules/@react-native-community/slider"
  react-native-video:
    :path: "../../../node_modules/react-native-video"
  React-perflogger:
    :path: "../../../node_modules/react-native/ReactCommon/reactperflogger"
  React-RCTActionSheet:
    :path: "../../../node_modules/react-native/Libraries/ActionSheetIOS"
  React-RCTAnimation:
    :path: "../../../node_modules/react-native/Libraries/NativeAnimation"
  React-RCTAppDelegate:
    :path: "../../../node_modules/react-native/Libraries/AppDelegate"
  React-RCTBlob:
    :path: "../../../node_modules/react-native/Libraries/Blob"
  React-RCTImage:
    :path: "../../../node_modules/react-native/Libraries/Image"
  React-RCTLinking:
    :path: "../../../node_modules/react-native/Libraries/LinkingIOS"
  React-RCTNetwork:
    :path: "../../../node_modules/react-native/Libraries/Network"
  React-RCTSettings:
    :path: "../../../node_modules/react-native/Libraries/Settings"
  React-RCTText:
    :path: "../../../node_modules/react-native/Libraries/Text"
  React-RCTVibration:
    :path: "../../../node_modules/react-native/Libraries/Vibration"
  React-runtimeexecutor:
    :path: "../../../node_modules/react-native/ReactCommon/runtimeexecutor"
  ReactCommon:
    :path: "../../../node_modules/react-native/ReactCommon"
  ReactNativeFileAccess:
    :path: "../../../node_modules/react-native-file-access"
  RNAudioRecorderPlayer:
    :path: "../../../node_modules/react-native-audio-recorder-player"
  RNCAsyncStorage:
    :path: "../../../node_modules/@react-native-async-storage/async-storage"
  RNCClipboard:
    :path: "../../../node_modules/@react-native-clipboard/clipboard"
  RNDeviceInfo:
    :path: "../../../node_modules/react-native-device-info"
  RNFastImage:
    :path: "../../../node_modules/react-native-fast-image"
  RNFileViewer:
    :path: "../../../node_modules/react-native-file-viewer"
  RNFS:
    :path: "../../../node_modules/react-native-fs"
  RNGestureHandler:
    :path: "../../../node_modules/react-native-gesture-handler"
  RNImageCropPicker:
    :path: "../../../node_modules/react-native-image-crop-picker"
  RNPermissions:
    :path: "../../../node_modules/react-native-permissions"
  RNReanimated:
    :path: "../../../node_modules/react-native-reanimated"
  RNScreens:
    :path: "../../../node_modules/react-native-screens"
  Yoga:
    :path: "../../../node_modules/react-native/ReactCommon/yoga"

SPEC CHECKSUMS:
  AgoraIrisRTC_iOS: 8346499b82968a4967e3d0bec2cf14bf7c0c3f76
  AgoraRtcEngine_iOS: ac647332ad8f86d79cf810601c9e62b28c3a4de0
  ASN1Decoder: 91cb1d781b5a178ea7375b2f1519e2bdaaa4c427
  boost: 64032b9e9b938fda23325e68a3771f0fabf414dc
  BVLinearGradient: cb006ba232a1f3e4f341bb62c42d1098c284da70
  CocoaAsyncSocket: 065fd1e645c7abab64f7a6a2007a48038fdc6a99
  DoubleConversion: 5189b271737e1565bdce30deb4a08d647e3f5f54
  EASClient: 2328890f5a0ce5f46c64895bb1741927c64a191d
  EXApplication: 9e02dde69a11d17d394bc89a9ea90c619217bada
  EXConstants: 0a70495c8b5dff454903ed9e798dbb39da9c3fd7
  EXFileSystem: 6c8c6df1f092c49cbbb97df4273eee3b619369b9
  EXFont: b5ea75d76062ca34e3bfbbff13566fff2ed3908e
  EXJSONUtils: 48b1e764ac35160e6f54d21ab60d7d9501f3e473
  EXManifests: e9ccabb71e1433c25ace668d75ce5869b11728f2
  Expo: 16b4a5e653c8d35ba8bef01037f26c6e3a493221
  expo-dev-client: 88981e6f94ae55c59c5051d50ba308f1a0cdf4a8
  expo-dev-launcher: 0e01b8a43a87253c594d4dd21270232cff6d250a
  expo-dev-menu: 4d8acb2c0934cf0b6d462c35e31d3b77703801c3
  expo-dev-menu-interface: 581788edbee450a9a1b3f7a03bfd85be75d354a5
  ExpoKeepAwake: 481c67a960701751b2a16e6018c2068602beb279
  ExpoModulesCore: 57b9b1b34195cd7c70e20b649934c37509988926
  EXSplashScreen: e4eb582134342e456ec72eda42ae017570c16eb0
  EXStructuredHeaders: f3a6d417d5d12ef369fd1a31320d1c188a1b0f4b
  EXUpdates: 1ab1bd16f9ccb1eaa7f8e8220e8d8e5b2aa2855a
  EXUpdatesInterface: e86394c0770f14eb96386cbb32be83fa6a97e8f9
  FBLazyVector: c511d4cd0210f416cb5c289bd5ae6b36d909b048
  FBReactNativeSpec: de92737f433b7edb416db4d29d03ab41229a5f70
  Flipper: 6edb735e6c3e332975d1b17956bcc584eccf5818
  Flipper-Boost-iOSX: fd1e2b8cbef7e662a122412d7ac5f5bea715403c
  Flipper-DoubleConversion: 2dc99b02f658daf147069aad9dbd29d8feb06d30
  Flipper-Fmt: 60cbdd92fc254826e61d669a5d87ef7015396a9b
  Flipper-Folly: 584845625005ff068a6ebf41f857f468decd26b3
  Flipper-Glog: 70c50ce58ddaf67dc35180db05f191692570f446
  Flipper-PeerTalk: 116d8f857dc6ef55c7a5a75ea3ceaafe878aadc9
  Flipper-RSocket: d9d9ade67cbecf6ac10730304bf5607266dd2541
  FlipperKit: 2efad7007d6745a3f95e4034d547be637f89d3f6
  fmt: ff9d55029c625d3757ed641535fd4a75fedc7ce9
  glog: 04b94705f318337d7ead9e6d17c019bd9b1f6b1b
  HyphenateChat: 6924f613947f6301bee909fc12c3bb01b50f52c6
  libevent: 4049cae6c81cdb3654a443be001fb9bdceff7913
  libwebp: 02b23773aedb6ff1fd38cec7a77b81414c6842a8
  OpenSSL-Universal: ebc357f1e6bc71fa463ccb2fe676756aff50e88c
  Permission-Camera: 09722f022ee0c112917fcd7991d9832f10f78fa7
  Permission-MediaLibrary: 86a552281ef94e04856d6a3c46966c4bceb3fcd1
  Permission-Microphone: c3786a6a45d7fe77cf88a03c9a18d063a97896a6
  Permission-Notifications: c5842ced07b9f181ed638193533eb11e35b5e947
  Permission-PhotoLibrary: 6da0b6851dfce0936430eabf57066f827b066b0e
  RCT-Folly: 8dc08ca5a393b48b1c523ab6220dfdcc0fe000ad
  RCTRequired: f6187ec763637e6a57f5728dd9a3bdabc6d6b4e0
  RCTTypeSafety: a01aca2dd3b27fa422d5239252ad38e54e958750
  React: 741b4f5187e7a2137b69c88e65f940ba40600b4b
  React-callinvoker: 72ba74b2d5d690c497631191ae6eeca0c043d9cf
  React-Codegen: 1e4b321e16e90bdb7063938bedd653fa38607b05
  React-Core: 7945a2947fc489818de6d423cacb564ae9861501
  React-CoreModules: 9d67a88b2503741807ae822183bba10218c94c72
  React-cxxreact: 9f0393c5c110c6035a00df501857c3759912ed39
  React-jsc: 75bfda40ea4032b5018875355ab5ee089ac748bf
  React-jsi: ffc1723902d1be93fcde97d93c6829cc1d9a144c
  React-jsiexecutor: dc5e7ce50a53872a0e2fe0465c4733df5c979a3d
  React-jsinspector: b6ed4cb3ffa27a041cd440300503dc512b761450
  React-logger: f56fb139828fc569c26c8fc004837e86843573c5
  react-native-agora: f0f15f4989e7ed09bee76cb575bd81b011cba26a
  react-native-blur: c91c10c67be1f096415e63925640baa59e2132d2
  react-native-cameraroll: 3a3719e98d69e74755ae734d6528d195a61feaa8
  react-native-chat-callkit: a0d720625d7041ca1a51c318de524d8c208b26f8
  react-native-chat-room: 632cdb406ed8e10cb85271379a5edaa1bc5bf5e7
  react-native-chat-sdk: e1b2434e99a797959e16668a1e87fcf10c3921c0
  react-native-chat-uikit: 744758cdd16ec732aa40303bb4d5333730258dbc
  react-native-create-thumbnail: 4bb224ef811cbb4fc9dd7345118491569494ec38
  react-native-document-picker: 10fce9a283ba4b74533d8378e76b3c38a66347d6
  react-native-get-random-values: 0fd2b6a3129988d701d10e30f0622d5f039531bc
  react-native-image-editor: 66f68a06f4c1e33ddba1936ef41ba587c7ae0077
  react-native-image-picker: 7a3502135a13fc56d406f5213b7346de6bc5f38b
  react-native-pager-view: 49d43927514af5e800108d3c5f651eb58b595d24
  react-native-safe-area-context: 17a482f540310e2209f884fd49472d9e1c0e73d6
  react-native-slider: ecf6dc3270a55131a18cef3aaf14ec14fbc624f8
  react-native-video: 2aad0d963bf3952bd9ebb2f53fab799338e8e202
  React-perflogger: e706562ab7eb8eb590aa83a224d26fa13963d7f2
  React-RCTActionSheet: 57d4bd98122f557479a3359ad5dad8e109e20c5a
  React-RCTAnimation: ccf3ef00101ea74bda73a045d79a658b36728a60
  React-RCTAppDelegate: 8fd3a3733a1d4579b85df18ec71d5168dc6cfd1b
  React-RCTBlob: 519c8ecb8ef83ce461a5670bdaf2fef882af3393
  React-RCTImage: f2e4904566ccccaa4b704170fcc5ae144ca347bf
  React-RCTLinking: 52a3740e3651e30aa11dff5a6debed7395dd8169
  React-RCTNetwork: ea0976f2b3ffc7877cd7784e351dc460adf87b12
  React-RCTSettings: ed5ac992b23e25c65c3cc31f11b5c940ae5e3e60
  React-RCTText: c9dfc6722621d56332b4f3a19ac38105e7504145
  React-RCTVibration: f09f08de63e4122deb32506e20ca4cae6e4e14c1
  React-runtimeexecutor: 4817d63dbc9d658f8dc0ec56bd9b83ce531129f0
  ReactCommon: 4a8c54ef74ae48c243ba111911d1c098d12bde5c
  ReactNativeFileAccess: e4b9196c358350d276bc55f40c835fc2abed4822
  RNAudioRecorderPlayer: 5208e7a883cb8cdd5e7d26eb5110f6eb74ebe2d6
  RNCAsyncStorage: 357676e1dc19095208c80d4271066c407cd02ed1
  RNCClipboard: 9d33327413fe87aa0c8ef83e1b9a939d7c4f535d
  RNDeviceInfo: addb9b427c2822a2d8e94c87a136a224e0af738c
  RNFastImage: 462a183c4b0b6b26fdfd639e1ed6ba37536c3b87
  RNFileViewer: 4b5d83358214347e4ab2d4ca8d5c1c90d869e251
  RNFS: 89de7d7f4c0f6bafa05343c578f61118c8282ed8
  RNGestureHandler: 1a022f47e3922a3f075135c038d7c50584557c28
  RNImageCropPicker: b0afedeefd8655254a15c34103718455fde6ce59
  RNPermissions: 9c398ee6c48ae73c3f8bc48f199e3bf0463ac7f7
  RNReanimated: f6d652674c0a32375ccc94a6718effd14d3a4dee
  RNScreens: c6ae949c292bee8ed7f355ab2adcfc9a51629951
  SDWebImage: a7f831e1a65eb5e285e3fb046a23fcfbf08e696d
  SDWebImageWebPCoder: 908b83b6adda48effe7667cd2b7f78c897e5111d
  SocketRocket: f32cd54efbe0f095c4d7594881e52619cfe80b17
  TOCropViewController: 80b8985ad794298fb69d3341de183f33d1853654
  Yoga: f7decafdc5e8c125e6fa0da38a687e35238420fa
  YogaKit: f782866e155069a2cca2517aafea43200b01fd5a
  ZIPFoundation: b1f0de4eed33e74a676f76e12559ab6b75990197

PODFILE CHECKSUM: 616f24d0737efcfa10d369aa360cf4be70cc1c26

COCOAPODS: 1.16.2
